
Microsoft Visual Studio Solution File, Format Version 12.00
# Visual Studio Version 17
VisualStudioVersion = 17.0.31903.59
MinimumVisualStudioVersion = 10.0.40219.1
Project("{FAE04EC0-301F-11D3-BF4B-00C04F79EFBC}") = "Chronos", "Chronos\Chronos.csproj", "{8939AB86-7F71-4D27-968A-0B63FB4B234B}"
EndProject
Project("{FAE04EC0-301F-11D3-BF4B-00C04F79EFBC}") = "RandomTest", "RandomTest\RandomTest.csproj", "{CDF713F2-8429-4173-BEB3-8B978C5CAE03}"
EndProject
Project("{FAE04EC0-301F-11D3-BF4B-00C04F79EFBC}") = "MyRPG", "MyRPG\MyRPG.csproj", "{3978AB4D-C848-428A-9138-CC17D3C0D1EB}"
EndProject
Project("{FAE04EC0-301F-11D3-BF4B-00C04F79EFBC}") = "RandDice", "RandDice\RandDice.csproj", "{605407C0-AFD4-45C6-A13B-E30FA812EE7E}"
EndProject
Project("{FAE04EC0-301F-11D3-BF4B-00C04F79EFBC}") = "MyGame", "MyGame\MyGame.csproj", "{A6FF17C3-8BBA-45E4-9C87-A089F6D6B317}"
EndProject
Global
	GlobalSection(SolutionConfigurationPlatforms) = preSolution
		Debug|Any CPU = Debug|Any CPU
		Release|Any CPU = Release|Any CPU
	EndGlobalSection
	GlobalSection(SolutionProperties) = preSolution
		HideSolutionNode = FALSE
	EndGlobalSection
	GlobalSection(ProjectConfigurationPlatforms) = postSolution
		{8939AB86-7F71-4D27-968A-0B63FB4B234B}.Debug|Any CPU.ActiveCfg = Debug|Any CPU
		{8939AB86-7F71-4D27-968A-0B63FB4B234B}.Debug|Any CPU.Build.0 = Debug|Any CPU
		{8939AB86-7F71-4D27-968A-0B63FB4B234B}.Release|Any CPU.ActiveCfg = Release|Any CPU
		{8939AB86-7F71-4D27-968A-0B63FB4B234B}.Release|Any CPU.Build.0 = Release|Any CPU
		{CDF713F2-8429-4173-BEB3-8B978C5CAE03}.Debug|Any CPU.ActiveCfg = Debug|Any CPU
		{CDF713F2-8429-4173-BEB3-8B978C5CAE03}.Debug|Any CPU.Build.0 = Debug|Any CPU
		{CDF713F2-8429-4173-BEB3-8B978C5CAE03}.Release|Any CPU.ActiveCfg = Release|Any CPU
		{CDF713F2-8429-4173-BEB3-8B978C5CAE03}.Release|Any CPU.Build.0 = Release|Any CPU
		{3978AB4D-C848-428A-9138-CC17D3C0D1EB}.Debug|Any CPU.ActiveCfg = Debug|Any CPU
		{3978AB4D-C848-428A-9138-CC17D3C0D1EB}.Debug|Any CPU.Build.0 = Debug|Any CPU
		{3978AB4D-C848-428A-9138-CC17D3C0D1EB}.Release|Any CPU.ActiveCfg = Release|Any CPU
		{3978AB4D-C848-428A-9138-CC17D3C0D1EB}.Release|Any CPU.Build.0 = Release|Any CPU
		{605407C0-AFD4-45C6-A13B-E30FA812EE7E}.Debug|Any CPU.ActiveCfg = Debug|Any CPU
		{605407C0-AFD4-45C6-A13B-E30FA812EE7E}.Debug|Any CPU.Build.0 = Debug|Any CPU
		{605407C0-AFD4-45C6-A13B-E30FA812EE7E}.Release|Any CPU.ActiveCfg = Release|Any CPU
		{605407C0-AFD4-45C6-A13B-E30FA812EE7E}.Release|Any CPU.Build.0 = Release|Any CPU
		{A6FF17C3-8BBA-45E4-9C87-A089F6D6B317}.Debug|Any CPU.ActiveCfg = Debug|Any CPU
		{A6FF17C3-8BBA-45E4-9C87-A089F6D6B317}.Debug|Any CPU.Build.0 = Debug|Any CPU
		{A6FF17C3-8BBA-45E4-9C87-A089F6D6B317}.Release|Any CPU.ActiveCfg = Release|Any CPU
		{A6FF17C3-8BBA-45E4-9C87-A089F6D6B317}.Release|Any CPU.Build.0 = Release|Any CPU
	EndGlobalSection
EndGlobal
